
Microsoft Visual Studio Solution File, Format Version 12.00
# Visual Studio Version 17
VisualStudioVersion = 17.9.34728.123
MinimumVisualStudioVersion = 10.0.40219.1
Project("{FAE04EC0-301F-11D3-BF4B-00C04F79EFBC}") = "Email_Classifier_Test3", "Email_Classifier_Test3.csproj", "{1E640B76-F8DF-4999-8D23-E688D61233D8}"
EndProject
Global
	GlobalSection(SolutionConfigurationPlatforms) = preSolution
		Debug|Any CPU = Debug|Any CPU
		Release|Any CPU = Release|Any CPU
	EndGlobalSection
	GlobalSection(ProjectConfigurationPlatforms) = postSolution
		{1E640B76-F8DF-4999-8D23-E688D61233D8}.Debug|Any CPU.ActiveCfg = Debug|Any CPU
		{1E640B76-F8DF-4999-8D23-E688D61233D8}.Debug|Any CPU.Build.0 = Debug|Any CPU
		{1E640B76-F8DF-4999-8D23-E688D61233D8}.Release|Any CPU.ActiveCfg = Release|Any CPU
		{1E640B76-F8DF-4999-8D23-E688D61233D8}.Release|Any CPU.Build.0 = Release|Any CPU
	EndGlobalSection
	GlobalSection(SolutionProperties) = preSolution
		HideSolutionNode = FALSE
	EndGlobalSection
	GlobalSection(ExtensibilityGlobals) = postSolution
		SolutionGuid = {B07932DA-BD64-4DB4-A100-35D0F1E0D3C1}
	EndGlobalSection
EndGlobal
